# THIS IS AN AUTOGENERATED FILE. DO NOT EDIT THIS FILE DIRECTLY.
# yarn lockfile v1


mobile@^0.0.1:
  version "0.0.1"
  resolved "https://registry.yarnpkg.com/mobile/-/mobile-0.0.1.tgz#b857614235f4791d770ce7c9d5a31592affcf9c9"
  integrity sha512-xBHkueS8X+vg7R9EdMpHz8N8hmJ2TxP8FuXmR9E+48xdWEOz8w2EMURg7vy2coDQ6oIB285SSAKGCDdcki++cg==
